{
  "version": 4,
  "terraform_version": "1.6.3",
  "serial": 6,
  "lineage": "e9ebfcb0-8378-5a60-795c-4699a4b0956c",
  "outputs": {},
  "resources": [
    {
      "mode": "managed",
      "type": "azurerm_application_insights",
      "name": "arup-arc-infra-prod-appinsights",
      "provider": "provider[\"registry.terraform.io/hashicorp/azurerm\"]",
      "instances": [
        {
          "schema_version": 1,
          "attributes": {
            "app_id": "475fe2f6-aa45-4045-a513-5fa31dbf7527",
            "application_type": "web",
            "connection_string": "InstrumentationKey=c77ad0b6-1dc7-433d-99df-e164c2b2a11f;IngestionEndpoint=https://uksouth-0.in.applicationinsights.azure.com/;LiveEndpoint=https://uksouth.livediagnostics.monitor.azure.com/",
            "daily_data_cap_in_gb": 100,
            "daily_data_cap_notifications_disabled": false,
            "disable_ip_masking": false,
            "force_customer_storage_for_profiler": false,
            "id": "/subscriptions/17bd5e73-b7db-4291-a621-6d393cc0cff4/resourceGroups/arup-arc-infra-prod-rg/providers/Microsoft.Insights/components/arup-arc-infra-prod-appinsights",
            "instrumentation_key": "c77ad0b6-1dc7-433d-99df-e164c2b2a11f",
            "internet_ingestion_enabled": true,
            "internet_query_enabled": true,
            "local_authentication_disabled": false,
            "location": "uksouth",
            "name": "arup-arc-infra-prod-appinsights",
            "resource_group_name": "arup-arc-infra-prod-rg",
            "retention_in_days": 90,
            "sampling_percentage": 100,
            "tags": {
              "CostCenter": "01-89915",
              "FinanceAdmin": "liz.lane@arup.com",
              "JobNumber": "071101-42",
              "Owner": "daragh.anderson@arup.com"
            },
            "timeouts": null,
            "workspace_id": null
          },
          "sensitive_attributes": [],
          "private": "eyJlMmJmYjczMC1lY2FhLTExZTYtOGY4OC0zNDM2M2JjN2M0YzAiOnsiY3JlYXRlIjozNjAwMDAwMDAwMDAwLCJkZWxldGUiOjE4MDAwMDAwMDAwMDAsInJlYWQiOjMwMDAwMDAwMDAwMCwidXBkYXRlIjoxODAwMDAwMDAwMDAwfSwic2NoZW1hX3ZlcnNpb24iOiIxIn0=",
          "dependencies": [
            "azurerm_resource_group.arup-arc-infra-prod-rg"
          ]
        }
      ]
    },
    {
      "mode": "managed",
      "type": "azurerm_resource_group",
      "name": "arup-arc-infra-prod-rg",
      "provider": "provider[\"registry.terraform.io/hashicorp/azurerm\"]",
      "instances": [
        {
          "schema_version": 0,
          "attributes": {
            "id": "/subscriptions/17bd5e73-b7db-4291-a621-6d393cc0cff4/resourceGroups/arup-arc-infra-prod-rg",
            "location": "uksouth",
            "name": "arup-arc-infra-prod-rg",
            "tags": {
              "Application": "ARC project needs cloud infra resources",
              "CostCenter": "01-89915",
              "CreationDate": "2023-10-20T17:34:44Z",
              "Creator": "arup-terraform-production-open",
              "Criticality": "Not Defined",
              "Environment": "prod",
              "FinanceAdmin": "liz.lane@arup.com",
              "JobNumber": "071101-42",
              "OnPremConnectivity": "No",
              "Owner": "daragh.anderson@arup.com",
              "RequestNumber": "RITM0730296",
              "Source": "Terraform",
              "repo": "arup-arc-infra-rg"
            },
            "timeouts": {
              "create": null,
              "delete": null,
              "read": null,
              "update": null
            }
          },
          "sensitive_attributes": [],
          "private": "eyJlMmJmYjczMC1lY2FhLTExZTYtOGY4OC0zNDM2M2JjN2M0YzAiOnsiY3JlYXRlIjo1NDAwMDAwMDAwMDAwLCJkZWxldGUiOjU0MDAwMDAwMDAwMDAsInJlYWQiOjMwMDAwMDAwMDAwMCwidXBkYXRlIjo1NDAwMDAwMDAwMDAwfSwic2NoZW1hX3ZlcnNpb24iOiIwIn0="
        }
      ]
    },
    {
      "mode": "managed",
      "type": "azurerm_static_site",
      "name": "arup-arc-infra-prod-documentation",
      "provider": "provider[\"registry.terraform.io/hashicorp/azurerm\"]",
      "instances": [
        {
          "schema_version": 0,
          "attributes": {
            "api_key": "87b54f030e0924d8da7c28d6eda63b9a1459ab1c33dff4ee2da68e936f5f25e84-7bcdca70-4ec4-4ab9-afbd-1147badc7088003297375",
            "default_host_name": "lively-forest-028780a03.4.azurestaticapps.net",
            "id": "/subscriptions/17bd5e73-b7db-4291-a621-6d393cc0cff4/resourceGroups/arup-arc-infra-prod-rg/providers/Microsoft.Web/staticSites/arup-arc-prod-documentation",
            "identity": [],
            "location": "westeurope",
            "name": "arup-arc-prod-documentation",
            "resource_group_name": "arup-arc-infra-prod-rg",
            "sku_size": "Free",
            "sku_tier": "Free",
            "tags": {
              "CostCenter": "01-89915",
              "Environment": "Production",
              "FinanceAdmin": "liz.lane@arup.com",
              "JobNumber": "071101-42",
              "Owner": "daragh.anderson@arup.com"
            },
            "timeouts": null
          },
          "sensitive_attributes": [],
          "private": "eyJlMmJmYjczMC1lY2FhLTExZTYtOGY4OC0zNDM2M2JjN2M0YzAiOnsiY3JlYXRlIjoxODAwMDAwMDAwMDAwLCJkZWxldGUiOjE4MDAwMDAwMDAwMDAsInJlYWQiOjMwMDAwMDAwMDAwMCwidXBkYXRlIjoxODAwMDAwMDAwMDAwfX0=",
          "dependencies": [
            "azurerm_resource_group.arup-arc-infra-prod-rg"
          ]
        }
      ]
    }
  ],
  "check_results": null
}
