{
  "version": 4,
  "terraform_version": "1.6.1",
  "serial": 2,
  "lineage": "e9ebfcb0-8378-5a60-795c-4699a4b0956c",
  "outputs": {},
  "resources": [
    {
      "mode": "managed",
      "type": "azurerm_resource_group",
      "name": "arup-arc-infra-prod-rg",
      "provider": "provider[\"registry.terraform.io/hashicorp/azurerm\"]",
      "instances": [
        {
          "schema_version": 0,
          "attributes": {
            "id": "/subscriptions/17bd5e73-b7db-4291-a621-6d393cc0cff4/resourceGroups/arup-arc-infra-prod-rg",
            "location": "uksouth",
            "name": "arup-arc-infra-prod-rg",
            "tags": {
              "Application": "ARC project needs cloud infra resources",
              "CostCenter": "01-89915",
              "CreationDate": "2023-10-20T17:34:44Z",
              "Creator": "arup-terraform-production-open",
              "Criticality": "Not Defined",
              "Environment": "prod",
              "FinanceAdmin": "liz.lane@arup.com",
              "JobNumber": "071101-42",
              "OnPremConnectivity": "No",
              "Owner": "daragh.anderson@arup.com",
              "RequestNumber": "RITM0730296",
              "Source": "Terraform",
              "repo": "arup-arc-infra-rg"
            },
            "timeouts": {
              "create": null,
              "delete": null,
              "read": null,
              "update": null
            }
          },
          "sensitive_attributes": [],
          "private": "eyJlMmJmYjczMC1lY2FhLTExZTYtOGY4OC0zNDM2M2JjN2M0YzAiOnsiY3JlYXRlIjo1NDAwMDAwMDAwMDAwLCJkZWxldGUiOjU0MDAwMDAwMDAwMDAsInJlYWQiOjMwMDAwMDAwMDAwMCwidXBkYXRlIjo1NDAwMDAwMDAwMDAwfSwic2NoZW1hX3ZlcnNpb24iOiIwIn0="
        }
      ]
    }
  ],
  "check_results": null
}
